
Microsoft Visual Studio Solution File, Format Version 12.00
# Visual Studio Version 17
VisualStudioVersion = 17.6.33815.320
MinimumVisualStudioVersion = 10.0.40219.1
Project("{2150E333-8FDC-42A3-9474-1A3956D46DE8}") = "Services", "Services", "{FE770FE1-9B1B-4319-B8C5-8F1C9B6CC612}"
EndProject
Project("{2150E333-8FDC-42A3-9474-1A3956D46DE8}") = "Data", "Data", "{92AA0FF9-7F88-47F5-B871-4E0CEF2DD01A}"
EndProject
Project("{2150E333-8FDC-42A3-9474-1A3956D46DE8}") = "BLL", "BLL", "{619D5745-9A3A-4263-8890-702AE7870ABE}"
EndProject
Project("{9A19103F-16F7-4668-BE54-9A1E7A4F7556}") = "EmployeeApi", "EmployeeApi\EmployeeApi.csproj", "{A9D38C72-EABF-4269-AB3C-CE4EC66B802A}"
EndProject
Project("{9A19103F-16F7-4668-BE54-9A1E7A4F7556}") = "EmployeeM.data", "EmployeeM.data\EmployeeM.data.csproj", "{245DB4FD-E883-4DC9-AEE8-3C912EB4408A}"
EndProject
Project("{9A19103F-16F7-4668-BE54-9A1E7A4F7556}") = "EmployeeBLL.BLL", "EmployeeBLL.BLL\EmployeeBLL.BLL.csproj", "{29556B66-F617-47A5-AE2B-236632C21E5A}"
EndProject
Global
	GlobalSection(SolutionConfigurationPlatforms) = preSolution
		Debug|Any CPU = Debug|Any CPU
		Release|Any CPU = Release|Any CPU
	EndGlobalSection
	GlobalSection(ProjectConfigurationPlatforms) = postSolution
		{A9D38C72-EABF-4269-AB3C-CE4EC66B802A}.Debug|Any CPU.ActiveCfg = Debug|Any CPU
		{A9D38C72-EABF-4269-AB3C-CE4EC66B802A}.Debug|Any CPU.Build.0 = Debug|Any CPU
		{A9D38C72-EABF-4269-AB3C-CE4EC66B802A}.Release|Any CPU.ActiveCfg = Release|Any CPU
		{A9D38C72-EABF-4269-AB3C-CE4EC66B802A}.Release|Any CPU.Build.0 = Release|Any CPU
		{245DB4FD-E883-4DC9-AEE8-3C912EB4408A}.Debug|Any CPU.ActiveCfg = Debug|Any CPU
		{245DB4FD-E883-4DC9-AEE8-3C912EB4408A}.Debug|Any CPU.Build.0 = Debug|Any CPU
		{245DB4FD-E883-4DC9-AEE8-3C912EB4408A}.Release|Any CPU.ActiveCfg = Release|Any CPU
		{245DB4FD-E883-4DC9-AEE8-3C912EB4408A}.Release|Any CPU.Build.0 = Release|Any CPU
		{29556B66-F617-47A5-AE2B-236632C21E5A}.Debug|Any CPU.ActiveCfg = Debug|Any CPU
		{29556B66-F617-47A5-AE2B-236632C21E5A}.Debug|Any CPU.Build.0 = Debug|Any CPU
		{29556B66-F617-47A5-AE2B-236632C21E5A}.Release|Any CPU.ActiveCfg = Release|Any CPU
		{29556B66-F617-47A5-AE2B-236632C21E5A}.Release|Any CPU.Build.0 = Release|Any CPU
	EndGlobalSection
	GlobalSection(SolutionProperties) = preSolution
		HideSolutionNode = FALSE
	EndGlobalSection
	GlobalSection(NestedProjects) = preSolution
		{A9D38C72-EABF-4269-AB3C-CE4EC66B802A} = {FE770FE1-9B1B-4319-B8C5-8F1C9B6CC612}
		{245DB4FD-E883-4DC9-AEE8-3C912EB4408A} = {92AA0FF9-7F88-47F5-B871-4E0CEF2DD01A}
		{29556B66-F617-47A5-AE2B-236632C21E5A} = {619D5745-9A3A-4263-8890-702AE7870ABE}
	EndGlobalSection
	GlobalSection(ExtensibilityGlobals) = postSolution
		SolutionGuid = {B917F9E3-B057-4109-9432-CAF2617EE940}
	EndGlobalSection
EndGlobal
